
Microsoft Visual Studio Solution File, Format Version 12.00
# Visual Studio Version 17
VisualStudioVersion = 17.14.36414.22 d17.14
MinimumVisualStudioVersion = 10.0.40219.1
Project("{FAE04EC0-301F-11D3-BF4B-00C04F79EFBC}") = "Projeto_Modelo_C_Sharp", "Projeto_Modelo_C_Sharp\Projeto_Modelo_C_Sharp.csproj", "{7789E131-4AFB-42CB-9C00-E553EB3A6560}"
EndProject
Global
	GlobalSection(SolutionConfigurationPlatforms) = preSolution
		Debug|Any CPU = Debug|Any CPU
		Release|Any CPU = Release|Any CPU
	EndGlobalSection
	GlobalSection(ProjectConfigurationPlatforms) = postSolution
		{7789E131-4AFB-42CB-9C00-E553EB3A6560}.Debug|Any CPU.ActiveCfg = Debug|Any CPU
		{7789E131-4AFB-42CB-9C00-E553EB3A6560}.Debug|Any CPU.Build.0 = Debug|Any CPU
		{7789E131-4AFB-42CB-9C00-E553EB3A6560}.Release|Any CPU.ActiveCfg = Release|Any CPU
		{7789E131-4AFB-42CB-9C00-E553EB3A6560}.Release|Any CPU.Build.0 = Release|Any CPU
	EndGlobalSection
	GlobalSection(SolutionProperties) = preSolution
		HideSolutionNode = FALSE
	EndGlobalSection
	GlobalSection(ExtensibilityGlobals) = postSolution
		SolutionGuid = {B9CE75FA-F014-4A29-83EA-C8BF43FD2F20}
	EndGlobalSection
EndGlobal
